// !$*UTF8*$!
{
	archiveVersion = 1;
	classes = {
	};
	objectVersion = 46;
	objects = {

/* Begin PBXBuildFile section */
		6DA008781B6B06AF00E40305 /* AppDelegate.swift in Sources */ = {isa = PBXBuildFile; fileRef = 6DA008771B6B06AF00E40305 /* AppDelegate.swift */; };
		6DA0087A1B6B06AF00E40305 /* ViewController.swift in Sources */ = {isa = PBXBuildFile; fileRef = 6DA008791B6B06AF00E40305 /* ViewController.swift */; };
		6DA0087D1B6B06AF00E40305 /* Main.storyboard in Resources */ = {isa = PBXBuildFile; fileRef = 6DA0087B1B6B06AF00E40305 /* Main.storyboard */; };
		6DA0087F1B6B06AF00E40305 /* Images.xcassets in Resources */ = {isa = PBXBuildFile; fileRef = 6DA0087E1B6B06AF00E40305 /* Images.xcassets */; };
		6DA008821B6B06AF00E40305 /* LaunchScreen.xib in Resources */ = {isa = PBXBuildFile; fileRef = 6DA008801B6B06AF00E40305 /* LaunchScreen.xib */; };
		6DA0088E1B6B06AF00E40305 /* RSSTests.swift in Sources */ = {isa = PBXBuildFile; fileRef = 6DA0088D1B6B06AF00E40305 /* RSSTests.swift */; };
		6DA008981B6B140C00E40305 /* DetailViewController.swift in Sources */ = {isa = PBXBuildFile; fileRef = 6DA008971B6B140C00E40305 /* DetailViewController.swift */; };
		F1B4143F1B6C238800F400B2 /* FeedModel.swift in Sources */ = {isa = PBXBuildFile; fileRef = F1B4143E1B6C238800F400B2 /* FeedModel.swift */; };
		F1B414411B6C23BA00F400B2 /* FeedHelper.swift in Sources */ = {isa = PBXBuildFile; fileRef = F1B414401B6C23BA00F400B2 /* FeedHelper.swift */; };
		F1B414431B6C23CA00F400B2 /* Article.swift in Sources */ = {isa = PBXBuildFile; fileRef = F1B414421B6C23CA00F400B2 /* Article.swift */; };
/* End PBXBuildFile section */

/* Begin PBXContainerItemProxy section */
		6DA008881B6B06AF00E40305 /* PBXContainerItemProxy */ = {
			isa = PBXContainerItemProxy;
			containerPortal = 6DA0086A1B6B06AF00E40305 /* Project object */;
			proxyType = 1;
			remoteGlobalIDString = 6DA008711B6B06AF00E40305;
			remoteInfo = RSS;
		};
/* End PBXContainerItemProxy section */

/* Begin PBXFileReference section */
		6DA008721B6B06AF00E40305 /* P4K Reviews.app */ = {isa = PBXFileReference; explicitFileType = wrapper.application; includeInIndex = 0; path = "P4K Reviews.app"; sourceTree = BUILT_PRODUCTS_DIR; };
		6DA008761B6B06AF00E40305 /* Info.plist */ = {isa = PBXFileReference; lastKnownFileType = text.plist.xml; path = Info.plist; sourceTree = "<group>"; };
		6DA008771B6B06AF00E40305 /* AppDelegate.swift */ = {isa = PBXFileReference; lastKnownFileType = sourcecode.swift; path = AppDelegate.swift; sourceTree = "<group>"; };
		6DA008791B6B06AF00E40305 /* ViewController.swift */ = {isa = PBXFileReference; lastKnownFileType = sourcecode.swift; path = ViewController.swift; sourceTree = "<group>"; };
		6DA0087C1B6B06AF00E40305 /* Base */ = {isa = PBXFileReference; lastKnownFileType = file.storyboard; name = Base; path = Base.lproj/Main.storyboard; sourceTree = "<group>"; };
		6DA0087E1B6B06AF00E40305 /* Images.xcassets */ = {isa = PBXFileReference; lastKnownFileType = folder.assetcatalog; path = Images.xcassets; sourceTree = "<group>"; };
		6DA008811B6B06AF00E40305 /* Base */ = {isa = PBXFileReference; lastKnownFileType = file.xib; name = Base; path = Base.lproj/LaunchScreen.xib; sourceTree = "<group>"; };
		6DA008871B6B06AF00E40305 /* P4K ReviewsTests.xctest */ = {isa = PBXFileReference; explicitFileType = wrapper.cfbundle; includeInIndex = 0; path = "P4K ReviewsTests.xctest"; sourceTree = BUILT_PRODUCTS_DIR; };
		6DA0088C1B6B06AF00E40305 /* Info.plist */ = {isa = PBXFileReference; lastKnownFileType = text.plist.xml; path = Info.plist; sourceTree = "<group>"; };
		6DA0088D1B6B06AF00E40305 /* RSSTests.swift */ = {isa = PBXFileReference; lastKnownFileType = sourcecode.swift; path = RSSTests.swift; sourceTree = "<group>"; };
		6DA008971B6B140C00E40305 /* DetailViewController.swift */ = {isa = PBXFileReference; fileEncoding = 4; lastKnownFileType = sourcecode.swift; path = DetailViewController.swift; sourceTree = "<group>"; };
		F1B4143E1B6C238800F400B2 /* FeedModel.swift */ = {isa = PBXFileReference; fileEncoding = 4; lastKnownFileType = sourcecode.swift; path = FeedModel.swift; sourceTree = "<group>"; };
		F1B414401B6C23BA00F400B2 /* FeedHelper.swift */ = {isa = PBXFileReference; fileEncoding = 4; lastKnownFileType = sourcecode.swift; path = FeedHelper.swift; sourceTree = "<group>"; };
		F1B414421B6C23CA00F400B2 /* Article.swift */ = {isa = PBXFileReference; fileEncoding = 4; lastKnownFileType = sourcecode.swift; path = Article.swift; sourceTree = "<group>"; };
/* End PBXFileReference section */

/* Begin PBXFrameworksBuildPhase section */
		6DA0086F1B6B06AF00E40305 /* Frameworks */ = {
			isa = PBXFrameworksBuildPhase;
			buildActionMask = 2147483647;
			files = (
			);
			runOnlyForDeploymentPostprocessing = 0;
		};
		6DA008841B6B06AF00E40305 /* Frameworks */ = {
			isa = PBXFrameworksBuildPhase;
			buildActionMask = 2147483647;
			files = (
			);
			runOnlyForDeploymentPostprocessing = 0;
		};
/* End PBXFrameworksBuildPhase section */

/* Begin PBXGroup section */
		6DA008691B6B06AF00E40305 = {
			isa = PBXGroup;
			children = (
				6DA008741B6B06AF00E40305 /* RSS */,
				6DA0088A1B6B06AF00E40305 /* RSSTests */,
				6DA008731B6B06AF00E40305 /* Products */,
			);
			sourceTree = "<group>";
		};
		6DA008731B6B06AF00E40305 /* Products */ = {
			isa = PBXGroup;
			children = (
				6DA008721B6B06AF00E40305 /* P4K Reviews.app */,
				6DA008871B6B06AF00E40305 /* P4K ReviewsTests.xctest */,
			);
			name = Products;
			sourceTree = "<group>";
		};
		6DA008741B6B06AF00E40305 /* RSS */ = {
			isa = PBXGroup;
			children = (
				6DA008771B6B06AF00E40305 /* AppDelegate.swift */,
				6DA008791B6B06AF00E40305 /* ViewController.swift */,
				6DA008971B6B140C00E40305 /* DetailViewController.swift */,
				F1B414401B6C23BA00F400B2 /* FeedHelper.swift */,
				F1B4143E1B6C238800F400B2 /* FeedModel.swift */,
				F1B414421B6C23CA00F400B2 /* Article.swift */,
				6DA0087B1B6B06AF00E40305 /* Main.storyboard */,
				6DA0087E1B6B06AF00E40305 /* Images.xcassets */,
				6DA008801B6B06AF00E40305 /* LaunchScreen.xib */,
				6DA008751B6B06AF00E40305 /* Supporting Files */,
			);
			path = RSS;
			sourceTree = "<group>";
		};
		6DA008751B6B06AF00E40305 /* Supporting Files */ = {
			isa = PBXGroup;
			children = (
				6DA008761B6B06AF00E40305 /* Info.plist */,
			);
			name = "Supporting Files";
			sourceTree = "<group>";
		};
		6DA0088A1B6B06AF00E40305 /* RSSTests */ = {
			isa = PBXGroup;
			children = (
				6DA0088D1B6B06AF00E40305 /* RSSTests.swift */,
				6DA0088B1B6B06AF00E40305 /* Supporting Files */,
			);
			path = RSSTests;
			sourceTree = "<group>";
		};
		6DA0088B1B6B06AF00E40305 /* Supporting Files */ = {
			isa = PBXGroup;
			children = (
				6DA0088C1B6B06AF00E40305 /* Info.plist */,
			);
			name = "Supporting Files";
			sourceTree = "<group>";
		};
/* End PBXGroup section */

/* Begin PBXNativeTarget section */
		6DA008711B6B06AF00E40305 /* P4K Reviews */ = {
			isa = PBXNativeTarget;
			buildConfigurationList = 6DA008911B6B06AF00E40305 /* Build configuration list for PBXNativeTarget "P4K Reviews" */;
			buildPhases = (
				6DA0086E1B6B06AF00E40305 /* Sources */,
				6DA0086F1B6B06AF00E40305 /* Frameworks */,
				6DA008701B6B06AF00E40305 /* Resources */,
			);
			buildRules = (
			);
			dependencies = (
			);
			name = "P4K Reviews";
			productName = RSS;
			productReference = 6DA008721B6B06AF00E40305 /* P4K Reviews.app */;
			productType = "com.apple.product-type.application";
		};
		6DA008861B6B06AF00E40305 /* P4K ReviewsTests */ = {
			isa = PBXNativeTarget;
			buildConfigurationList = 6DA008941B6B06AF00E40305 /* Build configuration list for PBXNativeTarget "P4K ReviewsTests" */;
			buildPhases = (
				6DA008831B6B06AF00E40305 /* Sources */,
				6DA008841B6B06AF00E40305 /* Frameworks */,
				6DA008851B6B06AF00E40305 /* Resources */,
			);
			buildRules = (
			);
			dependencies = (
				6DA008891B6B06AF00E40305 /* PBXTargetDependency */,
			);
			name = "P4K ReviewsTests";
			productName = RSSTests;
			productReference = 6DA008871B6B06AF00E40305 /* P4K ReviewsTests.xctest */;
			productType = "com.apple.product-type.bundle.unit-test";
		};
/* End PBXNativeTarget section */

/* Begin PBXProject section */
		6DA0086A1B6B06AF00E40305 /* Project object */ = {
			isa = PBXProject;
			attributes = {
				LastUpgradeCheck = 0640;
				ORGANIZATIONNAME = Toph;
				TargetAttributes = {
					6DA008711B6B06AF00E40305 = {
						CreatedOnToolsVersion = 6.4;
						DevelopmentTeam = XXRYJDD55J;
					};
					6DA008861B6B06AF00E40305 = {
						CreatedOnToolsVersion = 6.4;
						TestTargetID = 6DA008711B6B06AF00E40305;
					};
				};
			};
			buildConfigurationList = 6DA0086D1B6B06AF00E40305 /* Build configuration list for PBXProject "P4K Reviews" */;
			compatibilityVersion = "Xcode 3.2";
			developmentRegion = English;
			hasScannedForEncodings = 0;
			knownRegions = (
				en,
				Base,
			);
			mainGroup = 6DA008691B6B06AF00E40305;
			productRefGroup = 6DA008731B6B06AF00E40305 /* Products */;
			projectDirPath = "";
			projectRoot = "";
			targets = (
				6DA008711B6B06AF00E40305 /* P4K Reviews */,
				6DA008861B6B06AF00E40305 /* P4K ReviewsTests */,
			);
		};
/* End PBXProject section */

/* Begin PBXResourcesBuildPhase section */
		6DA008701B6B06AF00E40305 /* Resources */ = {
			isa = PBXResourcesBuildPhase;
			buildActionMask = 2147483647;
			files = (
				6DA0087D1B6B06AF00E40305 /* Main.storyboard in Resources */,
				6DA008821B6B06AF00E40305 /* LaunchScreen.xib in Resources */,
				6DA0087F1B6B06AF00E40305 /* Images.xcassets in Resources */,
			);
			runOnlyForDeploymentPostprocessing = 0;
		};
		6DA008851B6B06AF00E40305 /* Resources */ = {
			isa = PBXResourcesBuildPhase;
			buildActionMask = 2147483647;
			files = (
			);
			runOnlyForDeploymentPostprocessing = 0;
		};
/* End PBXResourcesBuildPhase section */

/* Begin PBXSourcesBuildPhase section */
		6DA0086E1B6B06AF00E40305 /* Sources */ = {
			isa = PBXSourcesBuildPhase;
			buildActionMask = 2147483647;
			files = (
				6DA008981B6B140C00E40305 /* DetailViewController.swift in Sources */,
				6DA0087A1B6B06AF00E40305 /* ViewController.swift in Sources */,
				F1B414431B6C23CA00F400B2 /* Article.swift in Sources */,
				F1B414411B6C23BA00F400B2 /* FeedHelper.swift in Sources */,
				6DA008781B6B06AF00E40305 /* AppDelegate.swift in Sources */,
				F1B4143F1B6C238800F400B2 /* FeedModel.swift in Sources */,
			);
			runOnlyForDeploymentPostprocessing = 0;
		};
		6DA008831B6B06AF00E40305 /* Sources */ = {
			isa = PBXSourcesBuildPhase;
			buildActionMask = 2147483647;
			files = (
				6DA0088E1B6B06AF00E40305 /* RSSTests.swift in Sources */,
			);
			runOnlyForDeploymentPostprocessing = 0;
		};
/* End PBXSourcesBuildPhase section */

/* Begin PBXTargetDependency section */
		6DA008891B6B06AF00E40305 /* PBXTargetDependency */ = {
			isa = PBXTargetDependency;
			target = 6DA008711B6B06AF00E40305 /* P4K Reviews */;
			targetProxy = 6DA008881B6B06AF00E40305 /* PBXContainerItemProxy */;
		};
/* End PBXTargetDependency section */

/* Begin PBXVariantGroup section */
		6DA0087B1B6B06AF00E40305 /* Main.storyboard */ = {
			isa = PBXVariantGroup;
			children = (
				6DA0087C1B6B06AF00E40305 /* Base */,
			);
			name = Main.storyboard;
			sourceTree = "<group>";
		};
		6DA008801B6B06AF00E40305 /* LaunchScreen.xib */ = {
			isa = PBXVariantGroup;
			children = (
				6DA008811B6B06AF00E40305 /* Base */,
			);
			name = LaunchScreen.xib;
			sourceTree = "<group>";
		};
/* End PBXVariantGroup section */

/* Begin XCBuildConfiguration section */
		6DA0088F1B6B06AF00E40305 /* Debug */ = {
			isa = XCBuildConfiguration;
			buildSettings = {
				ALWAYS_SEARCH_USER_PATHS = NO;
				CLANG_CXX_LANGUAGE_STANDARD = "gnu++0x";
				CLANG_CXX_LIBRARY = "libc++";
				CLANG_ENABLE_MODULES = YES;
				CLANG_ENABLE_OBJC_ARC = YES;
				CLANG_WARN_BOOL_CONVERSION = YES;
				CLANG_WARN_CONSTANT_CONVERSION = YES;
				CLANG_WARN_DIRECT_OBJC_ISA_USAGE = YES_ERROR;
				CLANG_WARN_EMPTY_BODY = YES;
				CLANG_WARN_ENUM_CONVERSION = YES;
				CLANG_WARN_INT_CONVERSION = YES;
				CLANG_WARN_OBJC_ROOT_CLASS = YES_ERROR;
				CLANG_WARN_UNREACHABLE_CODE = YES;
				CLANG_WARN__DUPLICATE_METHOD_MATCH = YES;
				"CODE_SIGN_IDENTITY[sdk=iphoneos*]" = "iPhone Developer";
				COPY_PHASE_STRIP = NO;
				DEBUG_INFORMATION_FORMAT = "dwarf-with-dsym";
				ENABLE_STRICT_OBJC_MSGSEND = YES;
				GCC_C_LANGUAGE_STANDARD = gnu99;
				GCC_DYNAMIC_NO_PIC = NO;
				GCC_NO_COMMON_BLOCKS = YES;
				GCC_OPTIMIZATION_LEVEL = 0;
				GCC_PREPROCESSOR_DEFINITIONS = (
					"DEBUG=1",
					"$(inherited)",
				);
				GCC_SYMBOLS_PRIVATE_EXTERN = NO;
				GCC_WARN_64_TO_32_BIT_CONVERSION = YES;
				GCC_WARN_ABOUT_RETURN_TYPE = YES_ERROR;
				GCC_WARN_UNDECLARED_SELECTOR = YES;
				GCC_WARN_UNINITIALIZED_AUTOS = YES_AGGRESSIVE;
				GCC_WARN_UNUSED_FUNCTION = YES;
				GCC_WARN_UNUSED_VARIABLE = YES;
				IPHONEOS_DEPLOYMENT_TARGET = 8.4;
				MTL_ENABLE_DEBUG_INFO = YES;
				ONLY_ACTIVE_ARCH = YES;
				SDKROOT = iphoneos;
				SWIFT_OPTIMIZATION_LEVEL = "-Onone";
			};
			name = Debug;
		};
		6DA008901B6B06AF00E40305 /* Release */ = {
			isa = XCBuildConfiguration;
			buildSettings = {
				ALWAYS_SEARCH_USER_PATHS = NO;
				CLANG_CXX_LANGUAGE_STANDARD = "gnu++0x";
				CLANG_CXX_LIBRARY = "libc++";
				CLANG_ENABLE_MODULES = YES;
				CLANG_ENABLE_OBJC_ARC = YES;
				CLANG_WARN_BOOL_CONVERSION = YES;
				CLANG_WARN_CONSTANT_CONVERSION = YES;
				CLANG_WARN_DIRECT_OBJC_ISA_USAGE = YES_ERROR;
				CLANG_WARN_EMPTY_BODY = YES;
				CLANG_WARN_ENUM_CONVERSION = YES;
				CLANG_WARN_INT_CONVERSION = YES;
				CLANG_WARN_OBJC_ROOT_CLASS = YES_ERROR;
				CLANG_WARN_UNREACHABLE_CODE = YES;
				CLANG_WARN__DUPLICATE_METHOD_MATCH = YES;
				"CODE_SIGN_IDENTITY[sdk=iphoneos*]" = "iPhone Developer";
				COPY_PHASE_STRIP = NO;
				DEBUG_INFORMATION_FORMAT = "dwarf-with-dsym";
				ENABLE_NS_ASSERTIONS = NO;
				ENABLE_STRICT_OBJC_MSGSEND = YES;
				GCC_C_LANGUAGE_STANDARD = gnu99;
				GCC_NO_COMMON_BLOCKS = YES;
				GCC_WARN_64_TO_32_BIT_CONVERSION = YES;
				GCC_WARN_ABOUT_RETURN_TYPE = YES_ERROR;
				GCC_WARN_UNDECLARED_SELECTOR = YES;
				GCC_WARN_UNINITIALIZED_AUTOS = YES_AGGRESSIVE;
				GCC_WARN_UNUSED_FUNCTION = YES;
				GCC_WARN_UNUSED_VARIABLE = YES;
				IPHONEOS_DEPLOYMENT_TARGET = 8.4;
				MTL_ENABLE_DEBUG_INFO = NO;
				SDKROOT = iphoneos;
				VALIDATE_PRODUCT = YES;
			};
			name = Release;
		};
		6DA008921B6B06AF00E40305 /* Debug */ = {
			isa = XCBuildConfiguration;
			buildSettings = {
				ASSETCATALOG_COMPILER_APPICON_NAME = AppIcon;
				CODE_SIGN_IDENTITY = "iPhone Developer: Chris Matta (SX3BDVR378)";
				"CODE_SIGN_IDENTITY[sdk=iphoneos*]" = "iPhone Developer: Chris Matta (SX3BDVR378)";
				INFOPLIST_FILE = RSS/Info.plist;
				LD_RUNPATH_SEARCH_PATHS = "$(inherited) @executable_path/Frameworks";
				PRODUCT_NAME = "P4K Reviews";
				PROVISIONING_PROFILE = "";
			};
			name = Debug;
		};
		6DA008931B6B06AF00E40305 /* Release */ = {
			isa = XCBuildConfiguration;
			buildSettings = {
				ASSETCATALOG_COMPILER_APPICON_NAME = AppIcon;
				CODE_SIGN_IDENTITY = "iPhone Developer: Chris Matta (SX3BDVR378)";
				"CODE_SIGN_IDENTITY[sdk=iphoneos*]" = "iPhone Developer: Chris Matta (SX3BDVR378)";
				INFOPLIST_FILE = RSS/Info.plist;
				LD_RUNPATH_SEARCH_PATHS = "$(inherited) @executable_path/Frameworks";
				PRODUCT_NAME = "P4K Reviews";
				PROVISIONING_PROFILE = "";
			};
			name = Release;
		};
		6DA008951B6B06AF00E40305 /* Debug */ = {
			isa = XCBuildConfiguration;
			buildSettings = {
				BUNDLE_LOADER = "$(TEST_HOST)";
				FRAMEWORK_SEARCH_PATHS = (
					"$(SDKROOT)/Developer/Library/Frameworks",
					"$(inherited)",
				);
				GCC_PREPROCESSOR_DEFINITIONS = (
					"DEBUG=1",
					"$(inherited)",
				);
				INFOPLIST_FILE = RSSTests/Info.plist;
				LD_RUNPATH_SEARCH_PATHS = "$(inherited) @executable_path/Frameworks @loader_path/Frameworks";
				PRODUCT_NAME = "P4K ReviewsTests";
				TEST_HOST = "$(BUILT_PRODUCTS_DIR)/RSS.app/RSS";
			};
			name = Debug;
		};
		6DA008961B6B06AF00E40305 /* Release */ = {
			isa = XCBuildConfiguration;
			buildSettings = {
				BUNDLE_LOADER = "$(TEST_HOST)";
				FRAMEWORK_SEARCH_PATHS = (
					"$(SDKROOT)/Developer/Library/Frameworks",
					"$(inherited)",
				);
				INFOPLIST_FILE = RSSTests/Info.plist;
				LD_RUNPATH_SEARCH_PATHS = "$(inherited) @executable_path/Frameworks @loader_path/Frameworks";
				PRODUCT_NAME = "P4K ReviewsTests";
				TEST_HOST = "$(BUILT_PRODUCTS_DIR)/RSS.app/RSS";
			};
			name = Release;
		};
/* End XCBuildConfiguration section */

/* Begin XCConfigurationList section */
		6DA0086D1B6B06AF00E40305 /* Build configuration list for PBXProject "P4K Reviews" */ = {
			isa = XCConfigurationList;
			buildConfigurations = (
				6DA0088F1B6B06AF00E40305 /* Debug */,
				6DA008901B6B06AF00E40305 /* Release */,
			);
			defaultConfigurationIsVisible = 0;
			defaultConfigurationName = Release;
		};
		6DA008911B6B06AF00E40305 /* Build configuration list for PBXNativeTarget "P4K Reviews" */ = {
			isa = XCConfigurationList;
			buildConfigurations = (
				6DA008921B6B06AF00E40305 /* Debug */,
				6DA008931B6B06AF00E40305 /* Release */,
			);
			defaultConfigurationIsVisible = 0;
			defaultConfigurationName = Release;
		};
		6DA008941B6B06AF00E40305 /* Build configuration list for PBXNativeTarget "P4K ReviewsTests" */ = {
			isa = XCConfigurationList;
			buildConfigurations = (
				6DA008951B6B06AF00E40305 /* Debug */,
				6DA008961B6B06AF00E40305 /* Release */,
			);
			defaultConfigurationIsVisible = 0;
			defaultConfigurationName = Release;
		};
/* End XCConfigurationList section */
	};
	rootObject = 6DA0086A1B6B06AF00E40305 /* Project object */;
}
